
Microsoft Visual Studio Solution File, Format Version 12.00
# Visual Studio 2012
Project("{FAE04EC0-301F-11D3-BF4B-00C04F79EFBC}") = "Eve Control", "Eve Control\Eve Control.csproj", "{30B3B19E-D5B3-4188-B35B-22B088D94F15}"
EndProject
Project("{FAE04EC0-301F-11D3-BF4B-00C04F79EFBC}") = "Eve.UI", "Eve.UI\Eve.UI.csproj", "{E3E59183-DBC6-4093-864C-47CE568458D8}"
EndProject
Project("{2150E333-8FDC-42A3-9474-1A3956D46DE8}") = "Devices", "Devices", "{1CBDAAC6-AC23-4A6E-8708-1A916A5BB944}"
EndProject
Project("{2150E333-8FDC-42A3-9474-1A3956D46DE8}") = "Arduino", "Arduino", "{4B1F42D5-1CBC-4392-B86E-BF70EDA6F88F}"
	ProjectSection(SolutionItems) = preProject
		AleksandarNote.txt = AleksandarNote.txt
	EndProjectSection
EndProject
Project("{FAE04EC0-301F-11D3-BF4B-00C04F79EFBC}") = "Eve.API", "Eve.API\Eve.API.csproj", "{09F82341-E1F6-42D0-8D98-A76ECD27BC89}"
EndProject
Project("{FAE04EC0-301F-11D3-BF4B-00C04F79EFBC}") = "Eve.Core", "Eve.Core\Eve.Core.csproj", "{2A424A38-2993-4A46-9B67-DB23967D8B1B}"
EndProject
Project("{FAE04EC0-301F-11D3-BF4B-00C04F79EFBC}") = "Eve.Modules", "Eve.Modules\Eve.Modules.csproj", "{F3765869-0059-4B36-BDAA-D85AFD87D0C9}"
EndProject
Project("{2150E333-8FDC-42A3-9474-1A3956D46DE8}") = "Web", "Web", "{C784F483-1AF9-4066-B925-3F47784D64C0}"
EndProject
Project("{2150E333-8FDC-42A3-9474-1A3956D46DE8}") = "Desktop", "Desktop", "{A7B49DEA-FF08-4079-A7BD-CB473C4E4A70}"
EndProject
Project("{2150E333-8FDC-42A3-9474-1A3956D46DE8}") = "Windows", "Windows", "{12D2C33F-CED3-47FF-A5BE-983A1E0C8B1C}"
EndProject
Project("{E24C65DC-7377-472B-9ABA-BC803B73C61A}") = "EveForChrome", "http://localhost:48311", "{342E4E5D-C834-4257-8C84-64B4ABD6C693}"
	ProjectSection(WebsiteProperties) = preProject
		UseIISExpress = "true"
		TargetFrameworkMoniker = ".NETFramework,Version%3Dv4.5"
		Debug.AspNetCompiler.VirtualPath = "/localhost_48311"
		Debug.AspNetCompiler.PhysicalPath = "Web\EveForChrome\"
		Debug.AspNetCompiler.TargetPath = "PrecompiledWeb\localhost_48311\"
		Debug.AspNetCompiler.Updateable = "true"
		Debug.AspNetCompiler.ForceOverwrite = "true"
		Debug.AspNetCompiler.FixedNames = "false"
		Debug.AspNetCompiler.Debug = "True"
		Release.AspNetCompiler.VirtualPath = "/localhost_48311"
		Release.AspNetCompiler.PhysicalPath = "Web\EveForChrome\"
		Release.AspNetCompiler.TargetPath = "PrecompiledWeb\localhost_48311\"
		Release.AspNetCompiler.Updateable = "true"
		Release.AspNetCompiler.ForceOverwrite = "true"
		Release.AspNetCompiler.FixedNames = "false"
		Release.AspNetCompiler.Debug = "False"
		SlnRelativePath = "Web\EveForChrome\"
		DefaultWebSiteLanguage = "Visual C#"
	EndProjectSection
EndProject
Project("{2150E333-8FDC-42A3-9474-1A3956D46DE8}") = "Clients", "Clients", "{A81FF1CE-835F-4619-B4D8-305868B46662}"
EndProject
Project("{E24C65DC-7377-472B-9ABA-BC803B73C61A}") = "Eve/EveMobile", "http://localhost:24446/EveMobile", "{FC8356AA-55B2-4B58-965E-23CACE796AF8}"
	ProjectSection(WebsiteProperties) = preProject
		UseIISExpress = "true"
		TargetFrameworkMoniker = ".NETFramework,Version%3Dv4.5"
		Debug.AspNetCompiler.VirtualPath = "/EveMobile"
		Debug.AspNetCompiler.PhysicalPath = "Web\EveMobile\"
		Debug.AspNetCompiler.TargetPath = "PrecompiledWeb\EveMobile\"
		Debug.AspNetCompiler.Updateable = "true"
		Debug.AspNetCompiler.ForceOverwrite = "true"
		Debug.AspNetCompiler.FixedNames = "false"
		Debug.AspNetCompiler.Debug = "True"
		Release.AspNetCompiler.VirtualPath = "/EveMobile"
		Release.AspNetCompiler.PhysicalPath = "Web\EveMobile\"
		Release.AspNetCompiler.TargetPath = "PrecompiledWeb\EveMobile\"
		Release.AspNetCompiler.Updateable = "true"
		Release.AspNetCompiler.ForceOverwrite = "true"
		Release.AspNetCompiler.FixedNames = "false"
		Release.AspNetCompiler.Debug = "False"
		SlnRelativePath = "Web\EveMobile\"
	EndProjectSection
EndProject
Project("{FAE04EC0-301F-11D3-BF4B-00C04F79EFBC}") = "Eve.API.Services", "Eve.API.Services\Eve.API.Services.csproj", "{15B3E0D2-6217-493A-A690-158C497F5318}"
EndProject
Project("{FAE04EC0-301F-11D3-BF4B-00C04F79EFBC}") = "Eve.API.Services.TestConsole", "Eve.API.Services.TestConsole\Eve.API.Services.TestConsole.csproj", "{C4A6BD55-4CA0-41C7-A98F-F41A4974E2F9}"
EndProject
Project("{8BC9CEB8-8B4A-11D0-8D11-00A0C91BC942}") = "BaseDevice", "Devices\Arduino\BaseDevice\BaseDevice.vcxproj", "{6D212EFD-E93A-49E3-9949-19F65E007F3A}"
EndProject
Project("{8BC9CEB8-8B4A-11D0-8D11-00A0C91BC942}") = "NodeDevice", "Devices\Arduino\NodeDevice\NodeDevice.vcxproj", "{AC713C21-2FB3-49B0-B763-97FBB075BA31}"
EndProject
Project("{E24C65DC-7377-472B-9ABA-BC803B73C61A}") = "EveHome", "http://localhost:29193", "{D7DFB9D2-1FD0-400C-929D-C564CA39DAC3}"
	ProjectSection(WebsiteProperties) = preProject
		UseIISExpress = "true"
		TargetFrameworkMoniker = ".NETFramework,Version%3Dv4.5"
		Debug.AspNetCompiler.VirtualPath = "/localhost_29193"
		Debug.AspNetCompiler.PhysicalPath = "Web\EveHome\"
		Debug.AspNetCompiler.TargetPath = "PrecompiledWeb\localhost_29193\"
		Debug.AspNetCompiler.Updateable = "true"
		Debug.AspNetCompiler.ForceOverwrite = "true"
		Debug.AspNetCompiler.FixedNames = "false"
		Debug.AspNetCompiler.Debug = "True"
		Release.AspNetCompiler.VirtualPath = "/localhost_29193"
		Release.AspNetCompiler.PhysicalPath = "Web\EveHome\"
		Release.AspNetCompiler.TargetPath = "PrecompiledWeb\localhost_29193\"
		Release.AspNetCompiler.Updateable = "true"
		Release.AspNetCompiler.ForceOverwrite = "true"
		Release.AspNetCompiler.FixedNames = "false"
		Release.AspNetCompiler.Debug = "False"
		SlnRelativePath = "Web\EveHome\"
		DefaultWebSiteLanguage = "Visual C#"
	EndProjectSection
EndProject
Global
	GlobalSection(SolutionConfigurationPlatforms) = preSolution
		Debug|Any CPU = Debug|Any CPU
		Debug|ARM = Debug|ARM
		Debug|Mixed Platforms = Debug|Mixed Platforms
		Debug|Win32 = Debug|Win32
		Debug|x86 = Debug|x86
		Release|Any CPU = Release|Any CPU
		Release|ARM = Release|ARM
		Release|Mixed Platforms = Release|Mixed Platforms
		Release|Win32 = Release|Win32
		Release|x86 = Release|x86
	EndGlobalSection
	GlobalSection(ProjectConfigurationPlatforms) = postSolution
		{30B3B19E-D5B3-4188-B35B-22B088D94F15}.Debug|Any CPU.ActiveCfg = Debug|Any CPU
		{30B3B19E-D5B3-4188-B35B-22B088D94F15}.Debug|Any CPU.Build.0 = Debug|Any CPU
		{30B3B19E-D5B3-4188-B35B-22B088D94F15}.Debug|ARM.ActiveCfg = Debug|Any CPU
		{30B3B19E-D5B3-4188-B35B-22B088D94F15}.Debug|Mixed Platforms.ActiveCfg = Debug|Any CPU
		{30B3B19E-D5B3-4188-B35B-22B088D94F15}.Debug|Mixed Platforms.Build.0 = Debug|Any CPU
		{30B3B19E-D5B3-4188-B35B-22B088D94F15}.Debug|Win32.ActiveCfg = Debug|Any CPU
		{30B3B19E-D5B3-4188-B35B-22B088D94F15}.Debug|x86.ActiveCfg = Debug|Any CPU
		{30B3B19E-D5B3-4188-B35B-22B088D94F15}.Release|Any CPU.ActiveCfg = Release|Any CPU
		{30B3B19E-D5B3-4188-B35B-22B088D94F15}.Release|Any CPU.Build.0 = Release|Any CPU
		{30B3B19E-D5B3-4188-B35B-22B088D94F15}.Release|ARM.ActiveCfg = Release|Any CPU
		{30B3B19E-D5B3-4188-B35B-22B088D94F15}.Release|Mixed Platforms.ActiveCfg = Release|Any CPU
		{30B3B19E-D5B3-4188-B35B-22B088D94F15}.Release|Mixed Platforms.Build.0 = Release|Any CPU
		{30B3B19E-D5B3-4188-B35B-22B088D94F15}.Release|Win32.ActiveCfg = Release|Any CPU
		{30B3B19E-D5B3-4188-B35B-22B088D94F15}.Release|x86.ActiveCfg = Release|Any CPU
		{E3E59183-DBC6-4093-864C-47CE568458D8}.Debug|Any CPU.ActiveCfg = Debug|Any CPU
		{E3E59183-DBC6-4093-864C-47CE568458D8}.Debug|Any CPU.Build.0 = Debug|Any CPU
		{E3E59183-DBC6-4093-864C-47CE568458D8}.Debug|ARM.ActiveCfg = Debug|Any CPU
		{E3E59183-DBC6-4093-864C-47CE568458D8}.Debug|Mixed Platforms.ActiveCfg = Debug|Any CPU
		{E3E59183-DBC6-4093-864C-47CE568458D8}.Debug|Mixed Platforms.Build.0 = Debug|Any CPU
		{E3E59183-DBC6-4093-864C-47CE568458D8}.Debug|Win32.ActiveCfg = Debug|Any CPU
		{E3E59183-DBC6-4093-864C-47CE568458D8}.Debug|x86.ActiveCfg = Debug|Any CPU
		{E3E59183-DBC6-4093-864C-47CE568458D8}.Release|Any CPU.ActiveCfg = Release|Any CPU
		{E3E59183-DBC6-4093-864C-47CE568458D8}.Release|Any CPU.Build.0 = Release|Any CPU
		{E3E59183-DBC6-4093-864C-47CE568458D8}.Release|ARM.ActiveCfg = Release|Any CPU
		{E3E59183-DBC6-4093-864C-47CE568458D8}.Release|Mixed Platforms.ActiveCfg = Release|Any CPU
		{E3E59183-DBC6-4093-864C-47CE568458D8}.Release|Mixed Platforms.Build.0 = Release|Any CPU
		{E3E59183-DBC6-4093-864C-47CE568458D8}.Release|Win32.ActiveCfg = Release|Any CPU
		{E3E59183-DBC6-4093-864C-47CE568458D8}.Release|x86.ActiveCfg = Release|Any CPU
		{09F82341-E1F6-42D0-8D98-A76ECD27BC89}.Debug|Any CPU.ActiveCfg = Debug|Any CPU
		{09F82341-E1F6-42D0-8D98-A76ECD27BC89}.Debug|Any CPU.Build.0 = Debug|Any CPU
		{09F82341-E1F6-42D0-8D98-A76ECD27BC89}.Debug|ARM.ActiveCfg = Debug|Any CPU
		{09F82341-E1F6-42D0-8D98-A76ECD27BC89}.Debug|Mixed Platforms.ActiveCfg = Debug|Any CPU
		{09F82341-E1F6-42D0-8D98-A76ECD27BC89}.Debug|Mixed Platforms.Build.0 = Debug|Any CPU
		{09F82341-E1F6-42D0-8D98-A76ECD27BC89}.Debug|Win32.ActiveCfg = Debug|Any CPU
		{09F82341-E1F6-42D0-8D98-A76ECD27BC89}.Debug|x86.ActiveCfg = Debug|Any CPU
		{09F82341-E1F6-42D0-8D98-A76ECD27BC89}.Release|Any CPU.ActiveCfg = Release|Any CPU
		{09F82341-E1F6-42D0-8D98-A76ECD27BC89}.Release|Any CPU.Build.0 = Release|Any CPU
		{09F82341-E1F6-42D0-8D98-A76ECD27BC89}.Release|ARM.ActiveCfg = Release|Any CPU
		{09F82341-E1F6-42D0-8D98-A76ECD27BC89}.Release|Mixed Platforms.ActiveCfg = Release|Any CPU
		{09F82341-E1F6-42D0-8D98-A76ECD27BC89}.Release|Mixed Platforms.Build.0 = Release|Any CPU
		{09F82341-E1F6-42D0-8D98-A76ECD27BC89}.Release|Win32.ActiveCfg = Release|Any CPU
		{09F82341-E1F6-42D0-8D98-A76ECD27BC89}.Release|x86.ActiveCfg = Release|Any CPU
		{2A424A38-2993-4A46-9B67-DB23967D8B1B}.Debug|Any CPU.ActiveCfg = Debug|Any CPU
		{2A424A38-2993-4A46-9B67-DB23967D8B1B}.Debug|Any CPU.Build.0 = Debug|Any CPU
		{2A424A38-2993-4A46-9B67-DB23967D8B1B}.Debug|ARM.ActiveCfg = Debug|Any CPU
		{2A424A38-2993-4A46-9B67-DB23967D8B1B}.Debug|Mixed Platforms.ActiveCfg = Debug|Any CPU
		{2A424A38-2993-4A46-9B67-DB23967D8B1B}.Debug|Mixed Platforms.Build.0 = Debug|Any CPU
		{2A424A38-2993-4A46-9B67-DB23967D8B1B}.Debug|Win32.ActiveCfg = Debug|Any CPU
		{2A424A38-2993-4A46-9B67-DB23967D8B1B}.Debug|x86.ActiveCfg = Debug|Any CPU
		{2A424A38-2993-4A46-9B67-DB23967D8B1B}.Release|Any CPU.ActiveCfg = Release|Any CPU
		{2A424A38-2993-4A46-9B67-DB23967D8B1B}.Release|Any CPU.Build.0 = Release|Any CPU
		{2A424A38-2993-4A46-9B67-DB23967D8B1B}.Release|ARM.ActiveCfg = Release|Any CPU
		{2A424A38-2993-4A46-9B67-DB23967D8B1B}.Release|Mixed Platforms.ActiveCfg = Release|Any CPU
		{2A424A38-2993-4A46-9B67-DB23967D8B1B}.Release|Mixed Platforms.Build.0 = Release|Any CPU
		{2A424A38-2993-4A46-9B67-DB23967D8B1B}.Release|Win32.ActiveCfg = Release|Any CPU
		{2A424A38-2993-4A46-9B67-DB23967D8B1B}.Release|x86.ActiveCfg = Release|Any CPU
		{F3765869-0059-4B36-BDAA-D85AFD87D0C9}.Debug|Any CPU.ActiveCfg = Debug|Any CPU
		{F3765869-0059-4B36-BDAA-D85AFD87D0C9}.Debug|Any CPU.Build.0 = Debug|Any CPU
		{F3765869-0059-4B36-BDAA-D85AFD87D0C9}.Debug|ARM.ActiveCfg = Debug|Any CPU
		{F3765869-0059-4B36-BDAA-D85AFD87D0C9}.Debug|Mixed Platforms.ActiveCfg = Debug|Any CPU
		{F3765869-0059-4B36-BDAA-D85AFD87D0C9}.Debug|Mixed Platforms.Build.0 = Debug|Any CPU
		{F3765869-0059-4B36-BDAA-D85AFD87D0C9}.Debug|Win32.ActiveCfg = Debug|Any CPU
		{F3765869-0059-4B36-BDAA-D85AFD87D0C9}.Debug|x86.ActiveCfg = Debug|Any CPU
		{F3765869-0059-4B36-BDAA-D85AFD87D0C9}.Release|Any CPU.ActiveCfg = Release|Any CPU
		{F3765869-0059-4B36-BDAA-D85AFD87D0C9}.Release|Any CPU.Build.0 = Release|Any CPU
		{F3765869-0059-4B36-BDAA-D85AFD87D0C9}.Release|ARM.ActiveCfg = Release|Any CPU
		{F3765869-0059-4B36-BDAA-D85AFD87D0C9}.Release|Mixed Platforms.ActiveCfg = Release|Any CPU
		{F3765869-0059-4B36-BDAA-D85AFD87D0C9}.Release|Mixed Platforms.Build.0 = Release|Any CPU
		{F3765869-0059-4B36-BDAA-D85AFD87D0C9}.Release|Win32.ActiveCfg = Release|Any CPU
		{F3765869-0059-4B36-BDAA-D85AFD87D0C9}.Release|x86.ActiveCfg = Release|Any CPU
		{342E4E5D-C834-4257-8C84-64B4ABD6C693}.Debug|Any CPU.ActiveCfg = Debug|Any CPU
		{342E4E5D-C834-4257-8C84-64B4ABD6C693}.Debug|Any CPU.Build.0 = Debug|Any CPU
		{342E4E5D-C834-4257-8C84-64B4ABD6C693}.Debug|ARM.ActiveCfg = Debug|Any CPU
		{342E4E5D-C834-4257-8C84-64B4ABD6C693}.Debug|Mixed Platforms.ActiveCfg = Debug|Any CPU
		{342E4E5D-C834-4257-8C84-64B4ABD6C693}.Debug|Mixed Platforms.Build.0 = Debug|Any CPU
		{342E4E5D-C834-4257-8C84-64B4ABD6C693}.Debug|Win32.ActiveCfg = Debug|Any CPU
		{342E4E5D-C834-4257-8C84-64B4ABD6C693}.Debug|x86.ActiveCfg = Debug|Any CPU
		{342E4E5D-C834-4257-8C84-64B4ABD6C693}.Release|Any CPU.ActiveCfg = Debug|Any CPU
		{342E4E5D-C834-4257-8C84-64B4ABD6C693}.Release|Any CPU.Build.0 = Debug|Any CPU
		{342E4E5D-C834-4257-8C84-64B4ABD6C693}.Release|ARM.ActiveCfg = Debug|Any CPU
		{342E4E5D-C834-4257-8C84-64B4ABD6C693}.Release|Mixed Platforms.ActiveCfg = Debug|Any CPU
		{342E4E5D-C834-4257-8C84-64B4ABD6C693}.Release|Mixed Platforms.Build.0 = Debug|Any CPU
		{342E4E5D-C834-4257-8C84-64B4ABD6C693}.Release|Win32.ActiveCfg = Debug|Any CPU
		{342E4E5D-C834-4257-8C84-64B4ABD6C693}.Release|x86.ActiveCfg = Debug|Any CPU
		{FC8356AA-55B2-4B58-965E-23CACE796AF8}.Debug|Any CPU.ActiveCfg = Debug|Any CPU
		{FC8356AA-55B2-4B58-965E-23CACE796AF8}.Debug|Any CPU.Build.0 = Debug|Any CPU
		{FC8356AA-55B2-4B58-965E-23CACE796AF8}.Debug|ARM.ActiveCfg = Debug|Any CPU
		{FC8356AA-55B2-4B58-965E-23CACE796AF8}.Debug|Mixed Platforms.ActiveCfg = Debug|Any CPU
		{FC8356AA-55B2-4B58-965E-23CACE796AF8}.Debug|Mixed Platforms.Build.0 = Debug|Any CPU
		{FC8356AA-55B2-4B58-965E-23CACE796AF8}.Debug|Win32.ActiveCfg = Debug|Any CPU
		{FC8356AA-55B2-4B58-965E-23CACE796AF8}.Debug|x86.ActiveCfg = Debug|Any CPU
		{FC8356AA-55B2-4B58-965E-23CACE796AF8}.Release|Any CPU.ActiveCfg = Debug|Any CPU
		{FC8356AA-55B2-4B58-965E-23CACE796AF8}.Release|Any CPU.Build.0 = Debug|Any CPU
		{FC8356AA-55B2-4B58-965E-23CACE796AF8}.Release|ARM.ActiveCfg = Debug|Any CPU
		{FC8356AA-55B2-4B58-965E-23CACE796AF8}.Release|Mixed Platforms.ActiveCfg = Debug|Any CPU
		{FC8356AA-55B2-4B58-965E-23CACE796AF8}.Release|Mixed Platforms.Build.0 = Debug|Any CPU
		{FC8356AA-55B2-4B58-965E-23CACE796AF8}.Release|Win32.ActiveCfg = Debug|Any CPU
		{FC8356AA-55B2-4B58-965E-23CACE796AF8}.Release|x86.ActiveCfg = Debug|Any CPU
		{15B3E0D2-6217-493A-A690-158C497F5318}.Debug|Any CPU.ActiveCfg = Debug|Any CPU
		{15B3E0D2-6217-493A-A690-158C497F5318}.Debug|Any CPU.Build.0 = Debug|Any CPU
		{15B3E0D2-6217-493A-A690-158C497F5318}.Debug|ARM.ActiveCfg = Debug|Any CPU
		{15B3E0D2-6217-493A-A690-158C497F5318}.Debug|Mixed Platforms.ActiveCfg = Debug|Any CPU
		{15B3E0D2-6217-493A-A690-158C497F5318}.Debug|Mixed Platforms.Build.0 = Debug|Any CPU
		{15B3E0D2-6217-493A-A690-158C497F5318}.Debug|Win32.ActiveCfg = Debug|Any CPU
		{15B3E0D2-6217-493A-A690-158C497F5318}.Debug|x86.ActiveCfg = Debug|Any CPU
		{15B3E0D2-6217-493A-A690-158C497F5318}.Release|Any CPU.ActiveCfg = Release|Any CPU
		{15B3E0D2-6217-493A-A690-158C497F5318}.Release|Any CPU.Build.0 = Release|Any CPU
		{15B3E0D2-6217-493A-A690-158C497F5318}.Release|ARM.ActiveCfg = Release|Any CPU
		{15B3E0D2-6217-493A-A690-158C497F5318}.Release|Mixed Platforms.ActiveCfg = Release|Any CPU
		{15B3E0D2-6217-493A-A690-158C497F5318}.Release|Mixed Platforms.Build.0 = Release|Any CPU
		{15B3E0D2-6217-493A-A690-158C497F5318}.Release|Win32.ActiveCfg = Release|Any CPU
		{15B3E0D2-6217-493A-A690-158C497F5318}.Release|x86.ActiveCfg = Release|Any CPU
		{C4A6BD55-4CA0-41C7-A98F-F41A4974E2F9}.Debug|Any CPU.ActiveCfg = Debug|Any CPU
		{C4A6BD55-4CA0-41C7-A98F-F41A4974E2F9}.Debug|Any CPU.Build.0 = Debug|Any CPU
		{C4A6BD55-4CA0-41C7-A98F-F41A4974E2F9}.Debug|ARM.ActiveCfg = Debug|Any CPU
		{C4A6BD55-4CA0-41C7-A98F-F41A4974E2F9}.Debug|Mixed Platforms.ActiveCfg = Debug|Any CPU
		{C4A6BD55-4CA0-41C7-A98F-F41A4974E2F9}.Debug|Mixed Platforms.Build.0 = Debug|Any CPU
		{C4A6BD55-4CA0-41C7-A98F-F41A4974E2F9}.Debug|Win32.ActiveCfg = Debug|Any CPU
		{C4A6BD55-4CA0-41C7-A98F-F41A4974E2F9}.Debug|x86.ActiveCfg = Debug|Any CPU
		{C4A6BD55-4CA0-41C7-A98F-F41A4974E2F9}.Release|Any CPU.ActiveCfg = Release|Any CPU
		{C4A6BD55-4CA0-41C7-A98F-F41A4974E2F9}.Release|Any CPU.Build.0 = Release|Any CPU
		{C4A6BD55-4CA0-41C7-A98F-F41A4974E2F9}.Release|ARM.ActiveCfg = Release|Any CPU
		{C4A6BD55-4CA0-41C7-A98F-F41A4974E2F9}.Release|Mixed Platforms.ActiveCfg = Release|Any CPU
		{C4A6BD55-4CA0-41C7-A98F-F41A4974E2F9}.Release|Mixed Platforms.Build.0 = Release|Any CPU
		{C4A6BD55-4CA0-41C7-A98F-F41A4974E2F9}.Release|Win32.ActiveCfg = Release|Any CPU
		{C4A6BD55-4CA0-41C7-A98F-F41A4974E2F9}.Release|x86.ActiveCfg = Release|Any CPU
		{6D212EFD-E93A-49E3-9949-19F65E007F3A}.Debug|Any CPU.ActiveCfg = Debug|Win32
		{6D212EFD-E93A-49E3-9949-19F65E007F3A}.Debug|ARM.ActiveCfg = Debug|Win32
		{6D212EFD-E93A-49E3-9949-19F65E007F3A}.Debug|Mixed Platforms.ActiveCfg = Debug|Win32
		{6D212EFD-E93A-49E3-9949-19F65E007F3A}.Debug|Mixed Platforms.Build.0 = Debug|Win32
		{6D212EFD-E93A-49E3-9949-19F65E007F3A}.Debug|Win32.ActiveCfg = Debug|Win32
		{6D212EFD-E93A-49E3-9949-19F65E007F3A}.Debug|Win32.Build.0 = Debug|Win32
		{6D212EFD-E93A-49E3-9949-19F65E007F3A}.Debug|x86.ActiveCfg = Debug|Win32
		{6D212EFD-E93A-49E3-9949-19F65E007F3A}.Debug|x86.Build.0 = Debug|Win32
		{6D212EFD-E93A-49E3-9949-19F65E007F3A}.Release|Any CPU.ActiveCfg = Release|Win32
		{6D212EFD-E93A-49E3-9949-19F65E007F3A}.Release|ARM.ActiveCfg = Release|Win32
		{6D212EFD-E93A-49E3-9949-19F65E007F3A}.Release|Mixed Platforms.ActiveCfg = Release|Win32
		{6D212EFD-E93A-49E3-9949-19F65E007F3A}.Release|Mixed Platforms.Build.0 = Release|Win32
		{6D212EFD-E93A-49E3-9949-19F65E007F3A}.Release|Win32.ActiveCfg = Release|Win32
		{6D212EFD-E93A-49E3-9949-19F65E007F3A}.Release|Win32.Build.0 = Release|Win32
		{6D212EFD-E93A-49E3-9949-19F65E007F3A}.Release|x86.ActiveCfg = Release|Win32
		{6D212EFD-E93A-49E3-9949-19F65E007F3A}.Release|x86.Build.0 = Release|Win32
		{AC713C21-2FB3-49B0-B763-97FBB075BA31}.Debug|Any CPU.ActiveCfg = Debug|Win32
		{AC713C21-2FB3-49B0-B763-97FBB075BA31}.Debug|ARM.ActiveCfg = Debug|Win32
		{AC713C21-2FB3-49B0-B763-97FBB075BA31}.Debug|Mixed Platforms.ActiveCfg = Debug|Win32
		{AC713C21-2FB3-49B0-B763-97FBB075BA31}.Debug|Mixed Platforms.Build.0 = Debug|Win32
		{AC713C21-2FB3-49B0-B763-97FBB075BA31}.Debug|Win32.ActiveCfg = Debug|Win32
		{AC713C21-2FB3-49B0-B763-97FBB075BA31}.Debug|Win32.Build.0 = Debug|Win32
		{AC713C21-2FB3-49B0-B763-97FBB075BA31}.Debug|x86.ActiveCfg = Debug|Win32
		{AC713C21-2FB3-49B0-B763-97FBB075BA31}.Debug|x86.Build.0 = Debug|Win32
		{AC713C21-2FB3-49B0-B763-97FBB075BA31}.Release|Any CPU.ActiveCfg = Release|Win32
		{AC713C21-2FB3-49B0-B763-97FBB075BA31}.Release|ARM.ActiveCfg = Release|Win32
		{AC713C21-2FB3-49B0-B763-97FBB075BA31}.Release|Mixed Platforms.ActiveCfg = Release|Win32
		{AC713C21-2FB3-49B0-B763-97FBB075BA31}.Release|Mixed Platforms.Build.0 = Release|Win32
		{AC713C21-2FB3-49B0-B763-97FBB075BA31}.Release|Win32.ActiveCfg = Release|Win32
		{AC713C21-2FB3-49B0-B763-97FBB075BA31}.Release|Win32.Build.0 = Release|Win32
		{AC713C21-2FB3-49B0-B763-97FBB075BA31}.Release|x86.ActiveCfg = Release|Win32
		{AC713C21-2FB3-49B0-B763-97FBB075BA31}.Release|x86.Build.0 = Release|Win32
		{D7DFB9D2-1FD0-400C-929D-C564CA39DAC3}.Debug|Any CPU.ActiveCfg = Debug|Any CPU
		{D7DFB9D2-1FD0-400C-929D-C564CA39DAC3}.Debug|Any CPU.Build.0 = Debug|Any CPU
		{D7DFB9D2-1FD0-400C-929D-C564CA39DAC3}.Debug|ARM.ActiveCfg = Debug|Any CPU
		{D7DFB9D2-1FD0-400C-929D-C564CA39DAC3}.Debug|Mixed Platforms.ActiveCfg = Debug|Any CPU
		{D7DFB9D2-1FD0-400C-929D-C564CA39DAC3}.Debug|Mixed Platforms.Build.0 = Debug|Any CPU
		{D7DFB9D2-1FD0-400C-929D-C564CA39DAC3}.Debug|Win32.ActiveCfg = Debug|Any CPU
		{D7DFB9D2-1FD0-400C-929D-C564CA39DAC3}.Debug|x86.ActiveCfg = Debug|Any CPU
		{D7DFB9D2-1FD0-400C-929D-C564CA39DAC3}.Release|Any CPU.ActiveCfg = Debug|Any CPU
		{D7DFB9D2-1FD0-400C-929D-C564CA39DAC3}.Release|Any CPU.Build.0 = Debug|Any CPU
		{D7DFB9D2-1FD0-400C-929D-C564CA39DAC3}.Release|ARM.ActiveCfg = Debug|Any CPU
		{D7DFB9D2-1FD0-400C-929D-C564CA39DAC3}.Release|Mixed Platforms.ActiveCfg = Debug|Any CPU
		{D7DFB9D2-1FD0-400C-929D-C564CA39DAC3}.Release|Mixed Platforms.Build.0 = Debug|Any CPU
		{D7DFB9D2-1FD0-400C-929D-C564CA39DAC3}.Release|Win32.ActiveCfg = Debug|Any CPU
		{D7DFB9D2-1FD0-400C-929D-C564CA39DAC3}.Release|x86.ActiveCfg = Debug|Any CPU
	EndGlobalSection
	GlobalSection(SolutionProperties) = preSolution
		HideSolutionNode = FALSE
	EndGlobalSection
	GlobalSection(NestedProjects) = preSolution
		{12D2C33F-CED3-47FF-A5BE-983A1E0C8B1C} = {A7B49DEA-FF08-4079-A7BD-CB473C4E4A70}
		{09F82341-E1F6-42D0-8D98-A76ECD27BC89} = {12D2C33F-CED3-47FF-A5BE-983A1E0C8B1C}
		{2A424A38-2993-4A46-9B67-DB23967D8B1B} = {12D2C33F-CED3-47FF-A5BE-983A1E0C8B1C}
		{F3765869-0059-4B36-BDAA-D85AFD87D0C9} = {12D2C33F-CED3-47FF-A5BE-983A1E0C8B1C}
		{30B3B19E-D5B3-4188-B35B-22B088D94F15} = {12D2C33F-CED3-47FF-A5BE-983A1E0C8B1C}
		{E3E59183-DBC6-4093-864C-47CE568458D8} = {12D2C33F-CED3-47FF-A5BE-983A1E0C8B1C}
		{15B3E0D2-6217-493A-A690-158C497F5318} = {12D2C33F-CED3-47FF-A5BE-983A1E0C8B1C}
		{C4A6BD55-4CA0-41C7-A98F-F41A4974E2F9} = {12D2C33F-CED3-47FF-A5BE-983A1E0C8B1C}
		{4B1F42D5-1CBC-4392-B86E-BF70EDA6F88F} = {1CBDAAC6-AC23-4A6E-8708-1A916A5BB944}
		{6D212EFD-E93A-49E3-9949-19F65E007F3A} = {4B1F42D5-1CBC-4392-B86E-BF70EDA6F88F}
		{AC713C21-2FB3-49B0-B763-97FBB075BA31} = {4B1F42D5-1CBC-4392-B86E-BF70EDA6F88F}
		{342E4E5D-C834-4257-8C84-64B4ABD6C693} = {C784F483-1AF9-4066-B925-3F47784D64C0}
		{D7DFB9D2-1FD0-400C-929D-C564CA39DAC3} = {C784F483-1AF9-4066-B925-3F47784D64C0}
		{FC8356AA-55B2-4B58-965E-23CACE796AF8} = {A81FF1CE-835F-4619-B4D8-305868B46662}
	EndGlobalSection
EndGlobal
